Microsoft Visual Studio Solution File, Format Version 12.00
# Visual Studio Version 17
VisualStudioVersion = 17.5.2.0
MinimumVisualStudioVersion = 10.0.40219.1
Project("{2150E333-8FDC-42A3-9474-1A3956D46DE8}") = "Module1", "Module1", "{5EE45ACC-6F30-F549-7712-6812471CC54E}"
EndProject
Project("{FAE04EC0-301F-11D3-BF4B-00C04F79EFBC}") = "coreConsoleProject", "Module1\coreConsoleProject\coreConsoleProject.csproj", "{42D93AE0-7D3B-DEF3-7EB8-D2C0FAEA9F23}"
EndProject
Global
	GlobalSection(SolutionConfigurationPlatforms) = preSolution
		Debug|Any CPU = Debug|Any CPU
		Release|Any CPU = Release|Any CPU
	EndGlobalSection
	GlobalSection(ProjectConfigurationPlatforms) = postSolution
		{42D93AE0-7D3B-DEF3-7EB8-D2C0FAEA9F23}.Debug|Any CPU.ActiveCfg = Debug|Any CPU
		{42D93AE0-7D3B-DEF3-7EB8-D2C0FAEA9F23}.Debug|Any CPU.Build.0 = Debug|Any CPU
		{42D93AE0-7D3B-DEF3-7EB8-D2C0FAEA9F23}.Release|Any CPU.ActiveCfg = Release|Any CPU
		{42D93AE0-7D3B-DEF3-7EB8-D2C0FAEA9F23}.Release|Any CPU.Build.0 = Release|Any CPU
	EndGlobalSection
	GlobalSection(SolutionProperties) = preSolution
		HideSolutionNode = FALSE
	EndGlobalSection
	GlobalSection(NestedProjects) = preSolution
		{42D93AE0-7D3B-DEF3-7EB8-D2C0FAEA9F23} = {5EE45ACC-6F30-F549-7712-6812471CC54E}
	EndGlobalSection
	GlobalSection(ExtensibilityGlobals) = postSolution
		SolutionGuid = {2A310EAB-6446-4D30-B2B4-DD04E5EB65BE}
	EndGlobalSection
EndGlobal
