
Microsoft Visual Studio Solution File, Format Version 12.00
# Visual Studio Version 17
VisualStudioVersion = 17.13.35806.99 d17.13
MinimumVisualStudioVersion = 10.0.40219.1
Project("{FAE04EC0-301F-11D3-BF4B-00C04F79EFBC}") = "Redundant", "Redundant\Redundant.csproj", "{335AEB79-90AF-4E0F-BD96-935C065B0B6E}"
EndProject
Global
	GlobalSection(SolutionConfigurationPlatforms) = preSolution
		Debug|Any CPU = Debug|Any CPU
		Release|Any CPU = Release|Any CPU
	EndGlobalSection
	GlobalSection(ProjectConfigurationPlatforms) = postSolution
		{335AEB79-90AF-4E0F-BD96-935C065B0B6E}.Debug|Any CPU.ActiveCfg = Debug|Any CPU
		{335AEB79-90AF-4E0F-BD96-935C065B0B6E}.Debug|Any CPU.Build.0 = Debug|Any CPU
		{335AEB79-90AF-4E0F-BD96-935C065B0B6E}.Release|Any CPU.ActiveCfg = Release|Any CPU
		{335AEB79-90AF-4E0F-BD96-935C065B0B6E}.Release|Any CPU.Build.0 = Release|Any CPU
	EndGlobalSection
	GlobalSection(SolutionProperties) = preSolution
		HideSolutionNode = FALSE
	EndGlobalSection
	GlobalSection(ExtensibilityGlobals) = postSolution
		SolutionGuid = {8023524B-AAFF-429F-8B00-DC11FE3AF26E}
	EndGlobalSection
EndGlobal
